
Microsoft Visual Studio Solution File, Format Version 12.00
# Visual Studio Version 16
VisualStudioVersion = 16.0.29911.84
MinimumVisualStudioVersion = 10.0.40219.1
Project("{FAE04EC0-301F-11D3-BF4B-00C04F79EFBC}") = "BackgroundDownload", "BackgroundDownload\BackgroundDownload.csproj", "{8433119A-734B-4710-858A-46DA3D0E523A}"
EndProject
Project("{FAE04EC0-301F-11D3-BF4B-00C04F79EFBC}") = "BackgroundDownload.Droid", "BackgroundDownload.Droid\BackgroundDownload.Droid.csproj", "{8B7C884B-3A43-466C-9CA4-C75B1B2140E1}"
EndProject
Project("{FAE04EC0-301F-11D3-BF4B-00C04F79EFBC}") = "BackgroundDownload.iOS", "BackgroundDownload.iOS\BackgroundDownload.iOS.csproj", "{C99E1CE9-C12D-4FC4-8773-1BA80A59AD69}"
EndProject
Project("{FAE04EC0-301F-11D3-BF4B-00C04F79EFBC}") = "BackgroundDownload.UWP", "BackgroundDownload.UWP\BackgroundDownload.UWP.csproj", "{94363088-F389-44B0-AE2F-EA07FCB40B98}"
EndProject
Project("{FAE04EC0-301F-11D3-BF4B-00C04F79EFBC}") = "Download", "Download\Download.csproj", "{95F67507-D24C-4D31-ACC7-4E1F7ED91FFA}"
EndProject
Global
	GlobalSection(SolutionConfigurationPlatforms) = preSolution
		Debug|Any CPU = Debug|Any CPU
		Debug|ARM = Debug|ARM
		Debug|iPhone = Debug|iPhone
		Debug|iPhoneSimulator = Debug|iPhoneSimulator
		Debug|x64 = Debug|x64
		Debug|x86 = Debug|x86
		Release|Any CPU = Release|Any CPU
		Release|ARM = Release|ARM
		Release|iPhone = Release|iPhone
		Release|iPhoneSimulator = Release|iPhoneSimulator
		Release|x64 = Release|x64
		Release|x86 = Release|x86
	EndGlobalSection
	GlobalSection(ProjectConfigurationPlatforms) = postSolution
		{8433119A-734B-4710-858A-46DA3D0E523A}.Debug|Any CPU.ActiveCfg = Debug|Any CPU
		{8433119A-734B-4710-858A-46DA3D0E523A}.Debug|Any CPU.Build.0 = Debug|Any CPU
		{8433119A-734B-4710-858A-46DA3D0E523A}.Debug|ARM.ActiveCfg = Debug|Any CPU
		{8433119A-734B-4710-858A-46DA3D0E523A}.Debug|ARM.Build.0 = Debug|Any CPU
		{8433119A-734B-4710-858A-46DA3D0E523A}.Debug|iPhone.ActiveCfg = Debug|Any CPU
		{8433119A-734B-4710-858A-46DA3D0E523A}.Debug|iPhone.Build.0 = Debug|Any CPU
		{8433119A-734B-4710-858A-46DA3D0E523A}.Debug|iPhoneSimulator.ActiveCfg = Debug|Any CPU
		{8433119A-734B-4710-858A-46DA3D0E523A}.Debug|iPhoneSimulator.Build.0 = Debug|Any CPU
		{8433119A-734B-4710-858A-46DA3D0E523A}.Debug|x64.ActiveCfg = Debug|Any CPU
		{8433119A-734B-4710-858A-46DA3D0E523A}.Debug|x64.Build.0 = Debug|Any CPU
		{8433119A-734B-4710-858A-46DA3D0E523A}.Debug|x86.ActiveCfg = Debug|Any CPU
		{8433119A-734B-4710-858A-46DA3D0E523A}.Debug|x86.Build.0 = Debug|Any CPU
		{8433119A-734B-4710-858A-46DA3D0E523A}.Release|Any CPU.ActiveCfg = Release|Any CPU
		{8433119A-734B-4710-858A-46DA3D0E523A}.Release|Any CPU.Build.0 = Release|Any CPU
		{8433119A-734B-4710-858A-46DA3D0E523A}.Release|ARM.ActiveCfg = Release|Any CPU
		{8433119A-734B-4710-858A-46DA3D0E523A}.Release|ARM.Build.0 = Release|Any CPU
		{8433119A-734B-4710-858A-46DA3D0E523A}.Release|iPhone.ActiveCfg = Release|Any CPU
		{8433119A-734B-4710-858A-46DA3D0E523A}.Release|iPhone.Build.0 = Release|Any CPU
		{8433119A-734B-4710-858A-46DA3D0E523A}.Release|iPhoneSimulator.ActiveCfg = Release|Any CPU
		{8433119A-734B-4710-858A-46DA3D0E523A}.Release|iPhoneSimulator.Build.0 = Release|Any CPU
		{8433119A-734B-4710-858A-46DA3D0E523A}.Release|x64.ActiveCfg = Release|Any CPU
		{8433119A-734B-4710-858A-46DA3D0E523A}.Release|x64.Build.0 = Release|Any CPU
		{8433119A-734B-4710-858A-46DA3D0E523A}.Release|x86.ActiveCfg = Release|Any CPU
		{8433119A-734B-4710-858A-46DA3D0E523A}.Release|x86.Build.0 = Release|Any CPU
		{8B7C884B-3A43-466C-9CA4-C75B1B2140E1}.Debug|Any CPU.ActiveCfg = Debug|Any CPU
		{8B7C884B-3A43-466C-9CA4-C75B1B2140E1}.Debug|Any CPU.Build.0 = Debug|Any CPU
		{8B7C884B-3A43-466C-9CA4-C75B1B2140E1}.Debug|Any CPU.Deploy.0 = Debug|Any CPU
		{8B7C884B-3A43-466C-9CA4-C75B1B2140E1}.Debug|ARM.ActiveCfg = Debug|Any CPU
		{8B7C884B-3A43-466C-9CA4-C75B1B2140E1}.Debug|ARM.Build.0 = Debug|Any CPU
		{8B7C884B-3A43-466C-9CA4-C75B1B2140E1}.Debug|ARM.Deploy.0 = Debug|Any CPU
		{8B7C884B-3A43-466C-9CA4-C75B1B2140E1}.Debug|iPhone.ActiveCfg = Debug|Any CPU
		{8B7C884B-3A43-466C-9CA4-C75B1B2140E1}.Debug|iPhone.Build.0 = Debug|Any CPU
		{8B7C884B-3A43-466C-9CA4-C75B1B2140E1}.Debug|iPhone.Deploy.0 = Debug|Any CPU
		{8B7C884B-3A43-466C-9CA4-C75B1B2140E1}.Debug|iPhoneSimulator.ActiveCfg = Debug|Any CPU
		{8B7C884B-3A43-466C-9CA4-C75B1B2140E1}.Debug|iPhoneSimulator.Build.0 = Debug|Any CPU
		{8B7C884B-3A43-466C-9CA4-C75B1B2140E1}.Debug|iPhoneSimulator.Deploy.0 = Debug|Any CPU
		{8B7C884B-3A43-466C-9CA4-C75B1B2140E1}.Debug|x64.ActiveCfg = Debug|Any CPU
		{8B7C884B-3A43-466C-9CA4-C75B1B2140E1}.Debug|x64.Build.0 = Debug|Any CPU
		{8B7C884B-3A43-466C-9CA4-C75B1B2140E1}.Debug|x64.Deploy.0 = Debug|Any CPU
		{8B7C884B-3A43-466C-9CA4-C75B1B2140E1}.Debug|x86.ActiveCfg = Debug|Any CPU
		{8B7C884B-3A43-466C-9CA4-C75B1B2140E1}.Debug|x86.Build.0 = Debug|Any CPU
		{8B7C884B-3A43-466C-9CA4-C75B1B2140E1}.Debug|x86.Deploy.0 = Debug|Any CPU
		{8B7C884B-3A43-466C-9CA4-C75B1B2140E1}.Release|Any CPU.ActiveCfg = Release|Any CPU
		{8B7C884B-3A43-466C-9CA4-C75B1B2140E1}.Release|Any CPU.Build.0 = Release|Any CPU
		{8B7C884B-3A43-466C-9CA4-C75B1B2140E1}.Release|Any CPU.Deploy.0 = Release|Any CPU
		{8B7C884B-3A43-466C-9CA4-C75B1B2140E1}.Release|ARM.ActiveCfg = Release|Any CPU
		{8B7C884B-3A43-466C-9CA4-C75B1B2140E1}.Release|ARM.Build.0 = Release|Any CPU
		{8B7C884B-3A43-466C-9CA4-C75B1B2140E1}.Release|ARM.Deploy.0 = Release|Any CPU
		{8B7C884B-3A43-466C-9CA4-C75B1B2140E1}.Release|iPhone.ActiveCfg = Release|Any CPU
		{8B7C884B-3A43-466C-9CA4-C75B1B2140E1}.Release|iPhone.Build.0 = Release|Any CPU
		{8B7C884B-3A43-466C-9CA4-C75B1B2140E1}.Release|iPhone.Deploy.0 = Release|Any CPU
		{8B7C884B-3A43-466C-9CA4-C75B1B2140E1}.Release|iPhoneSimulator.ActiveCfg = Release|Any CPU
		{8B7C884B-3A43-466C-9CA4-C75B1B2140E1}.Release|iPhoneSimulator.Build.0 = Release|Any CPU
		{8B7C884B-3A43-466C-9CA4-C75B1B2140E1}.Release|iPhoneSimulator.Deploy.0 = Release|Any CPU
		{8B7C884B-3A43-466C-9CA4-C75B1B2140E1}.Release|x64.ActiveCfg = Release|Any CPU
		{8B7C884B-3A43-466C-9CA4-C75B1B2140E1}.Release|x64.Build.0 = Release|Any CPU
		{8B7C884B-3A43-466C-9CA4-C75B1B2140E1}.Release|x64.Deploy.0 = Release|Any CPU
		{8B7C884B-3A43-466C-9CA4-C75B1B2140E1}.Release|x86.ActiveCfg = Release|Any CPU
		{8B7C884B-3A43-466C-9CA4-C75B1B2140E1}.Release|x86.Build.0 = Release|Any CPU
		{8B7C884B-3A43-466C-9CA4-C75B1B2140E1}.Release|x86.Deploy.0 = Release|Any CPU
		{C99E1CE9-C12D-4FC4-8773-1BA80A59AD69}.Debug|Any CPU.ActiveCfg = Debug|iPhone
		{C99E1CE9-C12D-4FC4-8773-1BA80A59AD69}.Debug|ARM.ActiveCfg = Debug|iPhone
		{C99E1CE9-C12D-4FC4-8773-1BA80A59AD69}.Debug|iPhone.ActiveCfg = Debug|iPhone
		{C99E1CE9-C12D-4FC4-8773-1BA80A59AD69}.Debug|iPhone.Build.0 = Debug|iPhone
		{C99E1CE9-C12D-4FC4-8773-1BA80A59AD69}.Debug|iPhoneSimulator.ActiveCfg = Debug|iPhoneSimulator
		{C99E1CE9-C12D-4FC4-8773-1BA80A59AD69}.Debug|iPhoneSimulator.Build.0 = Debug|iPhoneSimulator
		{C99E1CE9-C12D-4FC4-8773-1BA80A59AD69}.Debug|x64.ActiveCfg = Debug|iPhone
		{C99E1CE9-C12D-4FC4-8773-1BA80A59AD69}.Debug|x86.ActiveCfg = Debug|iPhone
		{C99E1CE9-C12D-4FC4-8773-1BA80A59AD69}.Release|Any CPU.ActiveCfg = Release|iPhone
		{C99E1CE9-C12D-4FC4-8773-1BA80A59AD69}.Release|ARM.ActiveCfg = Release|iPhone
		{C99E1CE9-C12D-4FC4-8773-1BA80A59AD69}.Release|iPhone.ActiveCfg = Release|iPhone
		{C99E1CE9-C12D-4FC4-8773-1BA80A59AD69}.Release|iPhone.Build.0 = Release|iPhone
		{C99E1CE9-C12D-4FC4-8773-1BA80A59AD69}.Release|iPhoneSimulator.ActiveCfg = Release|iPhoneSimulator
		{C99E1CE9-C12D-4FC4-8773-1BA80A59AD69}.Release|iPhoneSimulator.Build.0 = Release|iPhoneSimulator
		{C99E1CE9-C12D-4FC4-8773-1BA80A59AD69}.Release|x64.ActiveCfg = Release|iPhone
		{C99E1CE9-C12D-4FC4-8773-1BA80A59AD69}.Release|x86.ActiveCfg = Release|iPhone
		{94363088-F389-44B0-AE2F-EA07FCB40B98}.Debug|Any CPU.ActiveCfg = Debug|x86
		{94363088-F389-44B0-AE2F-EA07FCB40B98}.Debug|ARM.ActiveCfg = Debug|ARM
		{94363088-F389-44B0-AE2F-EA07FCB40B98}.Debug|ARM.Build.0 = Debug|ARM
		{94363088-F389-44B0-AE2F-EA07FCB40B98}.Debug|ARM.Deploy.0 = Debug|ARM
		{94363088-F389-44B0-AE2F-EA07FCB40B98}.Debug|iPhone.ActiveCfg = Debug|x86
		{94363088-F389-44B0-AE2F-EA07FCB40B98}.Debug|iPhoneSimulator.ActiveCfg = Debug|x86
		{94363088-F389-44B0-AE2F-EA07FCB40B98}.Debug|x64.ActiveCfg = Debug|x64
		{94363088-F389-44B0-AE2F-EA07FCB40B98}.Debug|x64.Build.0 = Debug|x64
		{94363088-F389-44B0-AE2F-EA07FCB40B98}.Debug|x64.Deploy.0 = Debug|x64
		{94363088-F389-44B0-AE2F-EA07FCB40B98}.Debug|x86.ActiveCfg = Debug|x86
		{94363088-F389-44B0-AE2F-EA07FCB40B98}.Debug|x86.Build.0 = Debug|x86
		{94363088-F389-44B0-AE2F-EA07FCB40B98}.Debug|x86.Deploy.0 = Debug|x86
		{94363088-F389-44B0-AE2F-EA07FCB40B98}.Release|Any CPU.ActiveCfg = Release|x86
		{94363088-F389-44B0-AE2F-EA07FCB40B98}.Release|ARM.ActiveCfg = Release|ARM
		{94363088-F389-44B0-AE2F-EA07FCB40B98}.Release|ARM.Build.0 = Release|ARM
		{94363088-F389-44B0-AE2F-EA07FCB40B98}.Release|ARM.Deploy.0 = Release|ARM
		{94363088-F389-44B0-AE2F-EA07FCB40B98}.Release|iPhone.ActiveCfg = Release|x86
		{94363088-F389-44B0-AE2F-EA07FCB40B98}.Release|iPhoneSimulator.ActiveCfg = Release|x86
		{94363088-F389-44B0-AE2F-EA07FCB40B98}.Release|x64.ActiveCfg = Release|x64
		{94363088-F389-44B0-AE2F-EA07FCB40B98}.Release|x64.Build.0 = Release|x64
		{94363088-F389-44B0-AE2F-EA07FCB40B98}.Release|x64.Deploy.0 = Release|x64
		{94363088-F389-44B0-AE2F-EA07FCB40B98}.Release|x86.ActiveCfg = Release|x86
		{94363088-F389-44B0-AE2F-EA07FCB40B98}.Release|x86.Build.0 = Release|x86
		{94363088-F389-44B0-AE2F-EA07FCB40B98}.Release|x86.Deploy.0 = Release|x86
		{95F67507-D24C-4D31-ACC7-4E1F7ED91FFA}.Debug|Any CPU.ActiveCfg = Debug|Any CPU
		{95F67507-D24C-4D31-ACC7-4E1F7ED91FFA}.Debug|Any CPU.Build.0 = Debug|Any CPU
		{95F67507-D24C-4D31-ACC7-4E1F7ED91FFA}.Debug|ARM.ActiveCfg = Debug|Any CPU
		{95F67507-D24C-4D31-ACC7-4E1F7ED91FFA}.Debug|ARM.Build.0 = Debug|Any CPU
		{95F67507-D24C-4D31-ACC7-4E1F7ED91FFA}.Debug|iPhone.ActiveCfg = Debug|Any CPU
		{95F67507-D24C-4D31-ACC7-4E1F7ED91FFA}.Debug|iPhone.Build.0 = Debug|Any CPU
		{95F67507-D24C-4D31-ACC7-4E1F7ED91FFA}.Debug|iPhoneSimulator.ActiveCfg = Debug|Any CPU
		{95F67507-D24C-4D31-ACC7-4E1F7ED91FFA}.Debug|iPhoneSimulator.Build.0 = Debug|Any CPU
		{95F67507-D24C-4D31-ACC7-4E1F7ED91FFA}.Debug|x64.ActiveCfg = Debug|Any CPU
		{95F67507-D24C-4D31-ACC7-4E1F7ED91FFA}.Debug|x64.Build.0 = Debug|Any CPU
		{95F67507-D24C-4D31-ACC7-4E1F7ED91FFA}.Debug|x86.ActiveCfg = Debug|Any CPU
		{95F67507-D24C-4D31-ACC7-4E1F7ED91FFA}.Debug|x86.Build.0 = Debug|Any CPU
		{95F67507-D24C-4D31-ACC7-4E1F7ED91FFA}.Release|Any CPU.ActiveCfg = Release|Any CPU
		{95F67507-D24C-4D31-ACC7-4E1F7ED91FFA}.Release|Any CPU.Build.0 = Release|Any CPU
		{95F67507-D24C-4D31-ACC7-4E1F7ED91FFA}.Release|ARM.ActiveCfg = Release|Any CPU
		{95F67507-D24C-4D31-ACC7-4E1F7ED91FFA}.Release|ARM.Build.0 = Release|Any CPU
		{95F67507-D24C-4D31-ACC7-4E1F7ED91FFA}.Release|iPhone.ActiveCfg = Release|Any CPU
		{95F67507-D24C-4D31-ACC7-4E1F7ED91FFA}.Release|iPhone.Build.0 = Release|Any CPU
		{95F67507-D24C-4D31-ACC7-4E1F7ED91FFA}.Release|iPhoneSimulator.ActiveCfg = Release|Any CPU
		{95F67507-D24C-4D31-ACC7-4E1F7ED91FFA}.Release|iPhoneSimulator.Build.0 = Release|Any CPU
		{95F67507-D24C-4D31-ACC7-4E1F7ED91FFA}.Release|x64.ActiveCfg = Release|Any CPU
		{95F67507-D24C-4D31-ACC7-4E1F7ED91FFA}.Release|x64.Build.0 = Release|Any CPU
		{95F67507-D24C-4D31-ACC7-4E1F7ED91FFA}.Release|x86.ActiveCfg = Release|Any CPU
		{95F67507-D24C-4D31-ACC7-4E1F7ED91FFA}.Release|x86.Build.0 = Release|Any CPU
	EndGlobalSection
	GlobalSection(SolutionProperties) = preSolution
		HideSolutionNode = FALSE
	EndGlobalSection
	GlobalSection(ExtensibilityGlobals) = postSolution
		SolutionGuid = {2FE06C8E-D86C-4B41-93C2-1138DC57B33C}
	EndGlobalSection
EndGlobal
